// !$*UTF8*$!
{
	archiveVersion = 1;
	classes = {
	};
	objectVersion = 56;
	objects = {

/* Begin PBXBuildFile section */
		AEA160522A1AF0A0006E7FF5 /* AppDelegate.swift in Sources */ = {isa = PBXBuildFile; fileRef = AEA160512A1AF0A0006E7FF5 /* AppDelegate.swift */; };
		AEA160542A1AF0A0006E7FF5 /* SceneDelegate.swift in Sources */ = {isa = PBXBuildFile; fileRef = AEA160532A1AF0A0006E7FF5 /* SceneDelegate.swift */; };
		AEA160562A1AF0A0006E7FF5 /* ViewController.swift in Sources */ = {isa = PBXBuildFile; fileRef = AEA160552A1AF0A0006E7FF5 /* ViewController.swift */; };
		AEA1605C2A1AF0A0006E7FF5 /* OpenMarket.xcdatamodeld in Sources */ = {isa = PBXBuildFile; fileRef = AEA1605A2A1AF0A0006E7FF5 /* OpenMarket.xcdatamodeld */; };
		AEA1605E2A1AF0A1006E7FF5 /* Assets.xcassets in Resources */ = {isa = PBXBuildFile; fileRef = AEA1605D2A1AF0A1006E7FF5 /* Assets.xcassets */; };
		AEA160612A1AF0A1006E7FF5 /* LaunchScreen.storyboard in Resources */ = {isa = PBXBuildFile; fileRef = AEA1605F2A1AF0A1006E7FF5 /* LaunchScreen.storyboard */; };
		AEA160692A1AF166006E7FF5 /* TabBarViewController.swift in Sources */ = {isa = PBXBuildFile; fileRef = AEA160682A1AF166006E7FF5 /* TabBarViewController.swift */; };
		AEA1606C2A1AFA17006E7FF5 /* RxBlocking in Frameworks */ = {isa = PBXBuildFile; productRef = AEA1606B2A1AFA17006E7FF5 /* RxBlocking */; };
		AEA1606E2A1AFA17006E7FF5 /* RxBlocking-Dynamic in Frameworks */ = {isa = PBXBuildFile; productRef = AEA1606D2A1AFA17006E7FF5 /* RxBlocking-Dynamic */; };
		AEA160702A1AFA17006E7FF5 /* RxCocoa in Frameworks */ = {isa = PBXBuildFile; productRef = AEA1606F2A1AFA17006E7FF5 /* RxCocoa */; };
		AEA160722A1AFA17006E7FF5 /* RxCocoa-Dynamic in Frameworks */ = {isa = PBXBuildFile; productRef = AEA160712A1AFA17006E7FF5 /* RxCocoa-Dynamic */; };
		AEA160742A1AFA17006E7FF5 /* RxRelay in Frameworks */ = {isa = PBXBuildFile; productRef = AEA160732A1AFA17006E7FF5 /* RxRelay */; };
		AEA160762A1AFA17006E7FF5 /* RxRelay-Dynamic in Frameworks */ = {isa = PBXBuildFile; productRef = AEA160752A1AFA17006E7FF5 /* RxRelay-Dynamic */; };
		AEA160782A1AFA17006E7FF5 /* RxSwift in Frameworks */ = {isa = PBXBuildFile; productRef = AEA160772A1AFA17006E7FF5 /* RxSwift */; };
		AEA1607A2A1AFA17006E7FF5 /* RxSwift-Dynamic in Frameworks */ = {isa = PBXBuildFile; productRef = AEA160792A1AFA17006E7FF5 /* RxSwift-Dynamic */; };
		AEA1607C2A1AFA17006E7FF5 /* RxTest in Frameworks */ = {isa = PBXBuildFile; productRef = AEA1607B2A1AFA17006E7FF5 /* RxTest */; };
		AEA1607E2A1AFA17006E7FF5 /* RxTest-Dynamic in Frameworks */ = {isa = PBXBuildFile; productRef = AEA1607D2A1AFA17006E7FF5 /* RxTest-Dynamic */; };
		AEA160812A1AFA77006E7FF5 /* Differentiator in Frameworks */ = {isa = PBXBuildFile; productRef = AEA160802A1AFA77006E7FF5 /* Differentiator */; };
		AEA160832A1AFA77006E7FF5 /* RxDataSources in Frameworks */ = {isa = PBXBuildFile; productRef = AEA160822A1AFA77006E7FF5 /* RxDataSources */; };
		AEA1608A2A1B0A2C006E7FF5 /* ProductList.swift in Sources */ = {isa = PBXBuildFile; fileRef = AEA160892A1B0A2C006E7FF5 /* ProductList.swift */; };
		AEA1608C2A1B0A42006E7FF5 /* Product.swift in Sources */ = {isa = PBXBuildFile; fileRef = AEA1608B2A1B0A42006E7FF5 /* Product.swift */; };
		AEA1608E2A1B0B8F006E7FF5 /* ProductForm.swift in Sources */ = {isa = PBXBuildFile; fileRef = AEA1608D2A1B0B8F006E7FF5 /* ProductForm.swift */; };
		AEA160902A1B0BAE006E7FF5 /* Currency.swift in Sources */ = {isa = PBXBuildFile; fileRef = AEA1608F2A1B0BAE006E7FF5 /* Currency.swift */; };
		AEA160942A1B0D91006E7FF5 /* CoreDataRepository.swift in Sources */ = {isa = PBXBuildFile; fileRef = AEA160932A1B0D91006E7FF5 /* CoreDataRepository.swift */; };
		AEA1609A2A1B4B92006E7FF5 /* Item.swift in Sources */ = {isa = PBXBuildFile; fileRef = AEA160992A1B4B92006E7FF5 /* Item.swift */; };
		AEA1609C2A1B4F63006E7FF5 /* ItemForm.swift in Sources */ = {isa = PBXBuildFile; fileRef = AEA1609B2A1B4F63006E7FF5 /* ItemForm.swift */; };
		AEA160B12A1B5A2D006E7FF5 /* ItemDAO+CoreDataClass.swift in Sources */ = {isa = PBXBuildFile; fileRef = AEA160AF2A1B5A2D006E7FF5 /* ItemDAO+CoreDataClass.swift */; };
		AEA160B22A1B5A2D006E7FF5 /* ItemDAO+CoreDataProperties.swift in Sources */ = {isa = PBXBuildFile; fileRef = AEA160B02A1B5A2D006E7FF5 /* ItemDAO+CoreDataProperties.swift */; };
		AEA160B92A1B5D64006E7FF5 /* ItemDetailRepository.swift in Sources */ = {isa = PBXBuildFile; fileRef = AEA160B82A1B5D64006E7FF5 /* ItemDetailRepository.swift */; };
		AEA160BD2A1B5E5C006E7FF5 /* CoreDataManageable.swift in Sources */ = {isa = PBXBuildFile; fileRef = AEA160BC2A1B5E5C006E7FF5 /* CoreDataManageable.swift */; };
		AEA160BF2A1B5F0B006E7FF5 /* CoreDataManager.swift in Sources */ = {isa = PBXBuildFile; fileRef = AEA160BE2A1B5F0B006E7FF5 /* CoreDataManager.swift */; };
		AEA160C12A1B6260006E7FF5 /* CoreDataError.swift in Sources */ = {isa = PBXBuildFile; fileRef = AEA160C02A1B6260006E7FF5 /* CoreDataError.swift */; };
		AEA160C52A1B6A13006E7FF5 /* ItemNetworkManager.swift in Sources */ = {isa = PBXBuildFile; fileRef = AEA160C42A1B6A13006E7FF5 /* ItemNetworkManager.swift */; };
		AEA160C82A1C4DC7006E7FF5 /* EndPoint.swift in Sources */ = {isa = PBXBuildFile; fileRef = AEA160C72A1C4DC7006E7FF5 /* EndPoint.swift */; };
		AEA160CA2A1C4DED006E7FF5 /* HTTPMethod.swift in Sources */ = {isa = PBXBuildFile; fileRef = AEA160C92A1C4DED006E7FF5 /* HTTPMethod.swift */; };
		AEA160CC2A1C4FE7006E7FF5 /* EndpointStorage.swift in Sources */ = {isa = PBXBuildFile; fileRef = AEA160CB2A1C4FE7006E7FF5 /* EndpointStorage.swift */; };
		AEA160CE2A1D9A4F006E7FF5 /* NetworkError.swift in Sources */ = {isa = PBXBuildFile; fileRef = AEA160CD2A1D9A4F006E7FF5 /* NetworkError.swift */; };
		AEA160D02A1D9C2C006E7FF5 /* NetworkManager.swift in Sources */ = {isa = PBXBuildFile; fileRef = AEA160CF2A1D9C2C006E7FF5 /* NetworkManager.swift */; };
		AEA160D22A1DA7E2006E7FF5 /* ItemRepository.swift in Sources */ = {isa = PBXBuildFile; fileRef = AEA160D12A1DA7E2006E7FF5 /* ItemRepository.swift */; };
		AEA160D42A1DA84C006E7FF5 /* NetworkRepository.swift in Sources */ = {isa = PBXBuildFile; fileRef = AEA160D32A1DA84C006E7FF5 /* NetworkRepository.swift */; };
		AEA160DD2A204C07006E7FF5 /* ItemListUseCaseType.swift in Sources */ = {isa = PBXBuildFile; fileRef = AEA160DC2A204C07006E7FF5 /* ItemListUseCaseType.swift */; };
		AEA160DF2A204C34006E7FF5 /* ItemUseCase.swift in Sources */ = {isa = PBXBuildFile; fileRef = AEA160DE2A204C34006E7FF5 /* ItemUseCase.swift */; };
		AEA160E12A204F65006E7FF5 /* ItemListUseCase.swift in Sources */ = {isa = PBXBuildFile; fileRef = AEA160E02A204F65006E7FF5 /* ItemListUseCase.swift */; };
		AEA160E72A211C7E006E7FF5 /* ImageUseCase.swift in Sources */ = {isa = PBXBuildFile; fileRef = AEA160E62A211C7E006E7FF5 /* ImageUseCase.swift */; };
		AEA160E92A22F9FD006E7FF5 /* ImageUseCaseType.swift in Sources */ = {isa = PBXBuildFile; fileRef = AEA160E82A22F9FD006E7FF5 /* ImageUseCaseType.swift */; };
		AEA160EB2A22FA24006E7FF5 /* ItemUseCaseType.swift in Sources */ = {isa = PBXBuildFile; fileRef = AEA160EA2A22FA24006E7FF5 /* ItemUseCaseType.swift */; };
/* End PBXBuildFile section */

/* Begin PBXFileReference section */
		AEA1604E2A1AF0A0006E7FF5 /* OpenMarket.app */ = {isa = PBXFileReference; explicitFileType = wrapper.application; includeInIndex = 0; path = OpenMarket.app; sourceTree = BUILT_PRODUCTS_DIR; };
		AEA160512A1AF0A0006E7FF5 /* AppDelegate.swift */ = {isa = PBXFileReference; lastKnownFileType = sourcecode.swift; path = AppDelegate.swift; sourceTree = "<group>"; };
		AEA160532A1AF0A0006E7FF5 /* SceneDelegate.swift */ = {isa = PBXFileReference; lastKnownFileType = sourcecode.swift; path = SceneDelegate.swift; sourceTree = "<group>"; };
		AEA160552A1AF0A0006E7FF5 /* ViewController.swift */ = {isa = PBXFileReference; lastKnownFileType = sourcecode.swift; path = ViewController.swift; sourceTree = "<group>"; };
		AEA1605B2A1AF0A0006E7FF5 /* OpenMarket.xcdatamodel */ = {isa = PBXFileReference; lastKnownFileType = wrapper.xcdatamodel; path = OpenMarket.xcdatamodel; sourceTree = "<group>"; };
		AEA1605D2A1AF0A1006E7FF5 /* Assets.xcassets */ = {isa = PBXFileReference; lastKnownFileType = folder.assetcatalog; path = Assets.xcassets; sourceTree = "<group>"; };
		AEA160602A1AF0A1006E7FF5 /* Base */ = {isa = PBXFileReference; lastKnownFileType = file.storyboard; name = Base; path = Base.lproj/LaunchScreen.storyboard; sourceTree = "<group>"; };
		AEA160622A1AF0A1006E7FF5 /* Info.plist */ = {isa = PBXFileReference; lastKnownFileType = text.plist.xml; path = Info.plist; sourceTree = "<group>"; };
		AEA160682A1AF166006E7FF5 /* TabBarViewController.swift */ = {isa = PBXFileReference; lastKnownFileType = sourcecode.swift; path = TabBarViewController.swift; sourceTree = "<group>"; };
		AEA160892A1B0A2C006E7FF5 /* ProductList.swift */ = {isa = PBXFileReference; lastKnownFileType = sourcecode.swift; path = ProductList.swift; sourceTree = "<group>"; };
		AEA1608B2A1B0A42006E7FF5 /* Product.swift */ = {isa = PBXFileReference; lastKnownFileType = sourcecode.swift; path = Product.swift; sourceTree = "<group>"; };
		AEA1608D2A1B0B8F006E7FF5 /* ProductForm.swift */ = {isa = PBXFileReference; lastKnownFileType = sourcecode.swift; path = ProductForm.swift; sourceTree = "<group>"; };
		AEA1608F2A1B0BAE006E7FF5 /* Currency.swift */ = {isa = PBXFileReference; lastKnownFileType = sourcecode.swift; path = Currency.swift; sourceTree = "<group>"; };
		AEA160932A1B0D91006E7FF5 /* CoreDataRepository.swift */ = {isa = PBXFileReference; lastKnownFileType = sourcecode.swift; path = CoreDataRepository.swift; sourceTree = "<group>"; };
		AEA160992A1B4B92006E7FF5 /* Item.swift */ = {isa = PBXFileReference; lastKnownFileType = sourcecode.swift; path = Item.swift; sourceTree = "<group>"; };
		AEA1609B2A1B4F63006E7FF5 /* ItemForm.swift */ = {isa = PBXFileReference; lastKnownFileType = sourcecode.swift; path = ItemForm.swift; sourceTree = "<group>"; };
		AEA160AF2A1B5A2D006E7FF5 /* ItemDAO+CoreDataClass.swift */ = {isa = PBXFileReference; lastKnownFileType = sourcecode.swift; path = "ItemDAO+CoreDataClass.swift"; sourceTree = SOURCE_ROOT; };
		AEA160B02A1B5A2D006E7FF5 /* ItemDAO+CoreDataProperties.swift */ = {isa = PBXFileReference; lastKnownFileType = sourcecode.swift; path = "ItemDAO+CoreDataProperties.swift"; sourceTree = SOURCE_ROOT; };
		AEA160B82A1B5D64006E7FF5 /* ItemDetailRepository.swift */ = {isa = PBXFileReference; lastKnownFileType = sourcecode.swift; path = ItemDetailRepository.swift; sourceTree = "<group>"; };
		AEA160BC2A1B5E5C006E7FF5 /* CoreDataManageable.swift */ = {isa = PBXFileReference; lastKnownFileType = sourcecode.swift; path = CoreDataManageable.swift; sourceTree = "<group>"; };
		AEA160BE2A1B5F0B006E7FF5 /* CoreDataManager.swift */ = {isa = PBXFileReference; lastKnownFileType = sourcecode.swift; path = CoreDataManager.swift; sourceTree = "<group>"; };
		AEA160C02A1B6260006E7FF5 /* CoreDataError.swift */ = {isa = PBXFileReference; lastKnownFileType = sourcecode.swift; path = CoreDataError.swift; sourceTree = "<group>"; };
		AEA160C42A1B6A13006E7FF5 /* ItemNetworkManager.swift */ = {isa = PBXFileReference; lastKnownFileType = sourcecode.swift; path = ItemNetworkManager.swift; sourceTree = "<group>"; };
		AEA160C72A1C4DC7006E7FF5 /* EndPoint.swift */ = {isa = PBXFileReference; lastKnownFileType = sourcecode.swift; path = EndPoint.swift; sourceTree = "<group>"; };
		AEA160C92A1C4DED006E7FF5 /* HTTPMethod.swift */ = {isa = PBXFileReference; lastKnownFileType = sourcecode.swift; path = HTTPMethod.swift; sourceTree = "<group>"; };
		AEA160CB2A1C4FE7006E7FF5 /* EndpointStorage.swift */ = {isa = PBXFileReference; lastKnownFileType = sourcecode.swift; path = EndpointStorage.swift; sourceTree = "<group>"; };
		AEA160CD2A1D9A4F006E7FF5 /* NetworkError.swift */ = {isa = PBXFileReference; lastKnownFileType = sourcecode.swift; path = NetworkError.swift; sourceTree = "<group>"; };
		AEA160CF2A1D9C2C006E7FF5 /* NetworkManager.swift */ = {isa = PBXFileReference; lastKnownFileType = sourcecode.swift; path = NetworkManager.swift; sourceTree = "<group>"; };
		AEA160D12A1DA7E2006E7FF5 /* ItemRepository.swift */ = {isa = PBXFileReference; lastKnownFileType = sourcecode.swift; path = ItemRepository.swift; sourceTree = "<group>"; };
		AEA160D32A1DA84C006E7FF5 /* NetworkRepository.swift */ = {isa = PBXFileReference; lastKnownFileType = sourcecode.swift; path = NetworkRepository.swift; sourceTree = "<group>"; };
		AEA160DC2A204C07006E7FF5 /* ItemListUseCaseType.swift */ = {isa = PBXFileReference; lastKnownFileType = sourcecode.swift; path = ItemListUseCaseType.swift; sourceTree = "<group>"; };
		AEA160DE2A204C34006E7FF5 /* ItemUseCase.swift */ = {isa = PBXFileReference; lastKnownFileType = sourcecode.swift; path = ItemUseCase.swift; sourceTree = "<group>"; };
		AEA160E02A204F65006E7FF5 /* ItemListUseCase.swift */ = {isa = PBXFileReference; lastKnownFileType = sourcecode.swift; path = ItemListUseCase.swift; sourceTree = "<group>"; };
		AEA160E62A211C7E006E7FF5 /* ImageUseCase.swift */ = {isa = PBXFileReference; lastKnownFileType = sourcecode.swift; path = ImageUseCase.swift; sourceTree = "<group>"; };
		AEA160E82A22F9FD006E7FF5 /* ImageUseCaseType.swift */ = {isa = PBXFileReference; lastKnownFileType = sourcecode.swift; path = ImageUseCaseType.swift; sourceTree = "<group>"; };
		AEA160EA2A22FA24006E7FF5 /* ItemUseCaseType.swift */ = {isa = PBXFileReference; lastKnownFileType = sourcecode.swift; path = ItemUseCaseType.swift; sourceTree = "<group>"; };
/* End PBXFileReference section */

/* Begin PBXFrameworksBuildPhase section */
		AEA1604B2A1AF0A0006E7FF5 /* Frameworks */ = {
			isa = PBXFrameworksBuildPhase;
			buildActionMask = 2147483647;
			files = (
				AEA1607A2A1AFA17006E7FF5 /* RxSwift-Dynamic in Frameworks */,
				AEA1607C2A1AFA17006E7FF5 /* RxTest in Frameworks */,
				AEA160812A1AFA77006E7FF5 /* Differentiator in Frameworks */,
				AEA160742A1AFA17006E7FF5 /* RxRelay in Frameworks */,
				AEA160722A1AFA17006E7FF5 /* RxCocoa-Dynamic in Frameworks */,
				AEA160762A1AFA17006E7FF5 /* RxRelay-Dynamic in Frameworks */,
				AEA160702A1AFA17006E7FF5 /* RxCocoa in Frameworks */,
				AEA1606C2A1AFA17006E7FF5 /* RxBlocking in Frameworks */,
				AEA1606E2A1AFA17006E7FF5 /* RxBlocking-Dynamic in Frameworks */,
				AEA160832A1AFA77006E7FF5 /* RxDataSources in Frameworks */,
				AEA1607E2A1AFA17006E7FF5 /* RxTest-Dynamic in Frameworks */,
				AEA160782A1AFA17006E7FF5 /* RxSwift in Frameworks */,
			);
			runOnlyForDeploymentPostprocessing = 0;
		};
/* End PBXFrameworksBuildPhase section */

/* Begin PBXGroup section */
		AEA160452A1AF0A0006E7FF5 = {
			isa = PBXGroup;
			children = (
				AEA160502A1AF0A0006E7FF5 /* OpenMarket */,
				AEA1604F2A1AF0A0006E7FF5 /* Products */,
			);
			sourceTree = "<group>";
		};
		AEA1604F2A1AF0A0006E7FF5 /* Products */ = {
			isa = PBXGroup;
			children = (
				AEA1604E2A1AF0A0006E7FF5 /* OpenMarket.app */,
			);
			name = Products;
			sourceTree = "<group>";
		};
		AEA160502A1AF0A0006E7FF5 /* OpenMarket */ = {
			isa = PBXGroup;
			children = (
				AEA160842A1AFC43006E7FF5 /* App */,
				AEA160952A1B49A9006E7FF5 /* Data */,
				AEA160872A1B09F2006E7FF5 /* Domain */,
				AEA160852A1AFC57006E7FF5 /* Presentation */,
				AEA160862A1AFC7A006E7FF5 /* Resource */,
				AEA160C62A1C4D52006E7FF5 /* Legacy */,
				AEA160B32A1B5AF2006E7FF5 /* Util */,
			);
			path = OpenMarket;
			sourceTree = "<group>";
		};
		AEA160842A1AFC43006E7FF5 /* App */ = {
			isa = PBXGroup;
			children = (
				AEA160512A1AF0A0006E7FF5 /* AppDelegate.swift */,
				AEA160532A1AF0A0006E7FF5 /* SceneDelegate.swift */,
			);
			path = App;
			sourceTree = "<group>";
		};
		AEA160852A1AFC57006E7FF5 /* Presentation */ = {
			isa = PBXGroup;
			children = (
				AEA160682A1AF166006E7FF5 /* TabBarViewController.swift */,
				AEA160552A1AF0A0006E7FF5 /* ViewController.swift */,
			);
			path = Presentation;
			sourceTree = "<group>";
		};
		AEA160862A1AFC7A006E7FF5 /* Resource */ = {
			isa = PBXGroup;
			children = (
				AEA1605D2A1AF0A1006E7FF5 /* Assets.xcassets */,
				AEA1605F2A1AF0A1006E7FF5 /* LaunchScreen.storyboard */,
				AEA160622A1AF0A1006E7FF5 /* Info.plist */,
			);
			path = Resource;
			sourceTree = "<group>";
		};
		AEA160872A1B09F2006E7FF5 /* Domain */ = {
			isa = PBXGroup;
			children = (
				AEA160912A1B0CDD006E7FF5 /* Interfaces */,
				AEA160882A1B0A00006E7FF5 /* Entities */,
				AEA160D62A204B8C006E7FF5 /* UseCase */,
			);
			path = Domain;
			sourceTree = "<group>";
		};
		AEA160882A1B0A00006E7FF5 /* Entities */ = {
			isa = PBXGroup;
			children = (
				AEA160992A1B4B92006E7FF5 /* Item.swift */,
				AEA1609B2A1B4F63006E7FF5 /* ItemForm.swift */,
			);
			path = Entities;
			sourceTree = "<group>";
		};
		AEA160912A1B0CDD006E7FF5 /* Interfaces */ = {
			isa = PBXGroup;
			children = (
				AEA160922A1B0CED006E7FF5 /* Repositories */,
			);
			path = Interfaces;
			sourceTree = "<group>";
		};
		AEA160922A1B0CED006E7FF5 /* Repositories */ = {
			isa = PBXGroup;
			children = (
				AEA160932A1B0D91006E7FF5 /* CoreDataRepository.swift */,
				AEA160D32A1DA84C006E7FF5 /* NetworkRepository.swift */,
			);
			path = Repositories;
			sourceTree = "<group>";
		};
		AEA160952A1B49A9006E7FF5 /* Data */ = {
			isa = PBXGroup;
			children = (
				AEA160BB2A1B5DF9006E7FF5 /* Network */,
				AEA160BA2A1B5DF1006E7FF5 /* CoreData */,
				AEA160B72A1B5CE0006E7FF5 /* Repositories */,
				AEA160962A1B49B9006E7FF5 /* ResponseModel */,
			);
			path = Data;
			sourceTree = "<group>";
		};
		AEA160962A1B49B9006E7FF5 /* ResponseModel */ = {
			isa = PBXGroup;
			children = (
				AEA1609E2A1B54C8006E7FF5 /* CoreData */,
				AEA1609D2A1B54A1006E7FF5 /* Network */,
			);
			path = ResponseModel;
			sourceTree = "<group>";
		};
		AEA1609D2A1B54A1006E7FF5 /* Network */ = {
			isa = PBXGroup;
			children = (
				AEA160892A1B0A2C006E7FF5 /* ProductList.swift */,
				AEA1608B2A1B0A42006E7FF5 /* Product.swift */,
				AEA1608D2A1B0B8F006E7FF5 /* ProductForm.swift */,
				AEA1608F2A1B0BAE006E7FF5 /* Currency.swift */,
			);
			path = Network;
			sourceTree = "<group>";
		};
		AEA1609E2A1B54C8006E7FF5 /* CoreData */ = {
			isa = PBXGroup;
			children = (
				AEA160AF2A1B5A2D006E7FF5 /* ItemDAO+CoreDataClass.swift */,
				AEA160B02A1B5A2D006E7FF5 /* ItemDAO+CoreDataProperties.swift */,
			);
			path = CoreData;
			sourceTree = "<group>";
		};
		AEA160B32A1B5AF2006E7FF5 /* Util */ = {
			isa = PBXGroup;
			children = (
				AEA160B42A1B5AFC006E7FF5 /* Extension */,
			);
			path = Util;
			sourceTree = "<group>";
		};
		AEA160B42A1B5AFC006E7FF5 /* Extension */ = {
			isa = PBXGroup;
			children = (
			);
			path = Extension;
			sourceTree = "<group>";
		};
		AEA160B72A1B5CE0006E7FF5 /* Repositories */ = {
			isa = PBXGroup;
			children = (
				AEA160D12A1DA7E2006E7FF5 /* ItemRepository.swift */,
				AEA160B82A1B5D64006E7FF5 /* ItemDetailRepository.swift */,
			);
			path = Repositories;
			sourceTree = "<group>";
		};
		AEA160BA2A1B5DF1006E7FF5 /* CoreData */ = {
			isa = PBXGroup;
			children = (
				AEA1605A2A1AF0A0006E7FF5 /* OpenMarket.xcdatamodeld */,
				AEA160BC2A1B5E5C006E7FF5 /* CoreDataManageable.swift */,
				AEA160BE2A1B5F0B006E7FF5 /* CoreDataManager.swift */,
				AEA160C02A1B6260006E7FF5 /* CoreDataError.swift */,
			);
			path = CoreData;
			sourceTree = "<group>";
		};
		AEA160BB2A1B5DF9006E7FF5 /* Network */ = {
			isa = PBXGroup;
			children = (
				AEA160CF2A1D9C2C006E7FF5 /* NetworkManager.swift */,
				AEA160C42A1B6A13006E7FF5 /* ItemNetworkManager.swift */,
				AEA160CD2A1D9A4F006E7FF5 /* NetworkError.swift */,
			);
			path = Network;
			sourceTree = "<group>";
		};
		AEA160C62A1C4D52006E7FF5 /* Legacy */ = {
			isa = PBXGroup;
			children = (
				AEA160C92A1C4DED006E7FF5 /* HTTPMethod.swift */,
				AEA160C72A1C4DC7006E7FF5 /* EndPoint.swift */,
				AEA160CB2A1C4FE7006E7FF5 /* EndpointStorage.swift */,
			);
			path = Legacy;
			sourceTree = "<group>";
		};
		AEA160D62A204B8C006E7FF5 /* UseCase */ = {
			isa = PBXGroup;
			children = (
				AEA160D92A204BC1006E7FF5 /* Protocol */,
				AEA160E02A204F65006E7FF5 /* ItemListUseCase.swift */,
				AEA160DE2A204C34006E7FF5 /* ItemUseCase.swift */,
				AEA160E62A211C7E006E7FF5 /* ImageUseCase.swift */,
			);
			path = UseCase;
			sourceTree = "<group>";
		};
		AEA160D92A204BC1006E7FF5 /* Protocol */ = {
			isa = PBXGroup;
			children = (
				AEA160DC2A204C07006E7FF5 /* ItemListUseCaseType.swift */,
				AEA160E82A22F9FD006E7FF5 /* ImageUseCaseType.swift */,
				AEA160EA2A22FA24006E7FF5 /* ItemUseCaseType.swift */,
			);
			path = Protocol;
			sourceTree = "<group>";
		};
/* End PBXGroup section */

/* Begin PBXNativeTarget section */
		AEA1604D2A1AF0A0006E7FF5 /* OpenMarket */ = {
			isa = PBXNativeTarget;
			buildConfigurationList = AEA160652A1AF0A1006E7FF5 /* Build configuration list for PBXNativeTarget "OpenMarket" */;
			buildPhases = (
				AEA1604A2A1AF0A0006E7FF5 /* Sources */,
				AEA1604B2A1AF0A0006E7FF5 /* Frameworks */,
				AEA1604C2A1AF0A0006E7FF5 /* Resources */,
			);
			buildRules = (
			);
			dependencies = (
			);
			name = OpenMarket;
			packageProductDependencies = (
				AEA1606B2A1AFA17006E7FF5 /* RxBlocking */,
				AEA1606D2A1AFA17006E7FF5 /* RxBlocking-Dynamic */,
				AEA1606F2A1AFA17006E7FF5 /* RxCocoa */,
				AEA160712A1AFA17006E7FF5 /* RxCocoa-Dynamic */,
				AEA160732A1AFA17006E7FF5 /* RxRelay */,
				AEA160752A1AFA17006E7FF5 /* RxRelay-Dynamic */,
				AEA160772A1AFA17006E7FF5 /* RxSwift */,
				AEA160792A1AFA17006E7FF5 /* RxSwift-Dynamic */,
				AEA1607B2A1AFA17006E7FF5 /* RxTest */,
				AEA1607D2A1AFA17006E7FF5 /* RxTest-Dynamic */,
				AEA160802A1AFA77006E7FF5 /* Differentiator */,
				AEA160822A1AFA77006E7FF5 /* RxDataSources */,
			);
			productName = OpenMarket;
			productReference = AEA1604E2A1AF0A0006E7FF5 /* OpenMarket.app */;
			productType = "com.apple.product-type.application";
		};
/* End PBXNativeTarget section */

/* Begin PBXProject section */
		AEA160462A1AF0A0006E7FF5 /* Project object */ = {
			isa = PBXProject;
			attributes = {
				BuildIndependentTargetsInParallel = 1;
				LastSwiftUpdateCheck = 1420;
				LastUpgradeCheck = 1420;
				TargetAttributes = {
					AEA1604D2A1AF0A0006E7FF5 = {
						CreatedOnToolsVersion = 14.2;
					};
				};
			};
			buildConfigurationList = AEA160492A1AF0A0006E7FF5 /* Build configuration list for PBXProject "OpenMarket" */;
			compatibilityVersion = "Xcode 14.0";
			developmentRegion = en;
			hasScannedForEncodings = 0;
			knownRegions = (
				en,
				Base,
			);
			mainGroup = AEA160452A1AF0A0006E7FF5;
			packageReferences = (
				AEA1606A2A1AFA17006E7FF5 /* XCRemoteSwiftPackageReference "RxSwift" */,
				AEA1607F2A1AFA77006E7FF5 /* XCRemoteSwiftPackageReference "RxDataSources" */,
			);
			productRefGroup = AEA1604F2A1AF0A0006E7FF5 /* Products */;
			projectDirPath = "";
			projectRoot = "";
			targets = (
				AEA1604D2A1AF0A0006E7FF5 /* OpenMarket */,
			);
		};
/* End PBXProject section */

/* Begin PBXResourcesBuildPhase section */
		AEA1604C2A1AF0A0006E7FF5 /* Resources */ = {
			isa = PBXResourcesBuildPhase;
			buildActionMask = 2147483647;
			files = (
				AEA160612A1AF0A1006E7FF5 /* LaunchScreen.storyboard in Resources */,
				AEA1605E2A1AF0A1006E7FF5 /* Assets.xcassets in Resources */,
			);
			runOnlyForDeploymentPostprocessing = 0;
		};
/* End PBXResourcesBuildPhase section */

/* Begin PBXSourcesBuildPhase section */
		AEA1604A2A1AF0A0006E7FF5 /* Sources */ = {
			isa = PBXSourcesBuildPhase;
			buildActionMask = 2147483647;
			files = (
				AEA160942A1B0D91006E7FF5 /* CoreDataRepository.swift in Sources */,
				AEA160902A1B0BAE006E7FF5 /* Currency.swift in Sources */,
				AEA160D22A1DA7E2006E7FF5 /* ItemRepository.swift in Sources */,
				AEA160562A1AF0A0006E7FF5 /* ViewController.swift in Sources */,
				AEA160BD2A1B5E5C006E7FF5 /* CoreDataManageable.swift in Sources */,
				AEA160BF2A1B5F0B006E7FF5 /* CoreDataManager.swift in Sources */,
				AEA160C12A1B6260006E7FF5 /* CoreDataError.swift in Sources */,
				AEA160B12A1B5A2D006E7FF5 /* ItemDAO+CoreDataClass.swift in Sources */,
				AEA160E92A22F9FD006E7FF5 /* ImageUseCaseType.swift in Sources */,
				AEA1605C2A1AF0A0006E7FF5 /* OpenMarket.xcdatamodeld in Sources */,
				AEA160EB2A22FA24006E7FF5 /* ItemUseCaseType.swift in Sources */,
				AEA1609C2A1B4F63006E7FF5 /* ItemForm.swift in Sources */,
				AEA160E12A204F65006E7FF5 /* ItemListUseCase.swift in Sources */,
				AEA160CE2A1D9A4F006E7FF5 /* NetworkError.swift in Sources */,
				AEA1609A2A1B4B92006E7FF5 /* Item.swift in Sources */,
				AEA160522A1AF0A0006E7FF5 /* AppDelegate.swift in Sources */,
				AEA160692A1AF166006E7FF5 /* TabBarViewController.swift in Sources */,
				AEA160C82A1C4DC7006E7FF5 /* EndPoint.swift in Sources */,
				AEA160C52A1B6A13006E7FF5 /* ItemNetworkManager.swift in Sources */,
				AEA160CA2A1C4DED006E7FF5 /* HTTPMethod.swift in Sources */,
				AEA160B92A1B5D64006E7FF5 /* ItemDetailRepository.swift in Sources */,
				AEA160D42A1DA84C006E7FF5 /* NetworkRepository.swift in Sources */,
				AEA1608E2A1B0B8F006E7FF5 /* ProductForm.swift in Sources */,
				AEA160B22A1B5A2D006E7FF5 /* ItemDAO+CoreDataProperties.swift in Sources */,
				AEA160CC2A1C4FE7006E7FF5 /* EndpointStorage.swift in Sources */,
				AEA1608C2A1B0A42006E7FF5 /* Product.swift in Sources */,
				AEA1608A2A1B0A2C006E7FF5 /* ProductList.swift in Sources */,
				AEA160E72A211C7E006E7FF5 /* ImageUseCase.swift in Sources */,
				AEA160D02A1D9C2C006E7FF5 /* NetworkManager.swift in Sources */,
				AEA160DD2A204C07006E7FF5 /* ItemListUseCaseType.swift in Sources */,
				AEA160DF2A204C34006E7FF5 /* ItemUseCase.swift in Sources */,
				AEA160542A1AF0A0006E7FF5 /* SceneDelegate.swift in Sources */,
			);
			runOnlyForDeploymentPostprocessing = 0;
		};
/* End PBXSourcesBuildPhase section */

/* Begin PBXVariantGroup section */
		AEA1605F2A1AF0A1006E7FF5 /* LaunchScreen.storyboard */ = {
			isa = PBXVariantGroup;
			children = (
				AEA160602A1AF0A1006E7FF5 /* Base */,
			);
			name = LaunchScreen.storyboard;
			sourceTree = "<group>";
		};
/* End PBXVariantGroup section */

/* Begin XCBuildConfiguration section */
		AEA160632A1AF0A1006E7FF5 /* Debug */ = {
			isa = XCBuildConfiguration;
			buildSettings = {
				ALWAYS_SEARCH_USER_PATHS = NO;
				CLANG_ANALYZER_NONNULL = YES;
				CLANG_ANALYZER_NUMBER_OBJECT_CONVERSION = YES_AGGRESSIVE;
				CLANG_CXX_LANGUAGE_STANDARD = "gnu++20";
				CLANG_ENABLE_MODULES = YES;
				CLANG_ENABLE_OBJC_ARC = YES;
				CLANG_ENABLE_OBJC_WEAK = YES;
				CLANG_WARN_BLOCK_CAPTURE_AUTORELEASING = YES;
				CLANG_WARN_BOOL_CONVERSION = YES;
				CLANG_WARN_COMMA = YES;
				CLANG_WARN_CONSTANT_CONVERSION = YES;
				CLANG_WARN_DEPRECATED_OBJC_IMPLEMENTATIONS = YES;
				CLANG_WARN_DIRECT_OBJC_ISA_USAGE = YES_ERROR;
				CLANG_WARN_DOCUMENTATION_COMMENTS = YES;
				CLANG_WARN_EMPTY_BODY = YES;
				CLANG_WARN_ENUM_CONVERSION = YES;
				CLANG_WARN_INFINITE_RECURSION = YES;
				CLANG_WARN_INT_CONVERSION = YES;
				CLANG_WARN_NON_LITERAL_NULL_CONVERSION = YES;
				CLANG_WARN_OBJC_IMPLICIT_RETAIN_SELF = YES;
				CLANG_WARN_OBJC_LITERAL_CONVERSION = YES;
				CLANG_WARN_OBJC_ROOT_CLASS = YES_ERROR;
				CLANG_WARN_QUOTED_INCLUDE_IN_FRAMEWORK_HEADER = YES;
				CLANG_WARN_RANGE_LOOP_ANALYSIS = YES;
				CLANG_WARN_STRICT_PROTOTYPES = YES;
				CLANG_WARN_SUSPICIOUS_MOVE = YES;
				CLANG_WARN_UNGUARDED_AVAILABILITY = YES_AGGRESSIVE;
				CLANG_WARN_UNREACHABLE_CODE = YES;
				CLANG_WARN__DUPLICATE_METHOD_MATCH = YES;
				COPY_PHASE_STRIP = NO;
				DEBUG_INFORMATION_FORMAT = dwarf;
				ENABLE_STRICT_OBJC_MSGSEND = YES;
				ENABLE_TESTABILITY = YES;
				GCC_C_LANGUAGE_STANDARD = gnu11;
				GCC_DYNAMIC_NO_PIC = NO;
				GCC_NO_COMMON_BLOCKS = YES;
				GCC_OPTIMIZATION_LEVEL = 0;
				GCC_PREPROCESSOR_DEFINITIONS = (
					"DEBUG=1",
					"$(inherited)",
				);
				GCC_WARN_64_TO_32_BIT_CONVERSION = YES;
				GCC_WARN_ABOUT_RETURN_TYPE = YES_ERROR;
				GCC_WARN_UNDECLARED_SELECTOR = YES;
				GCC_WARN_UNINITIALIZED_AUTOS = YES_AGGRESSIVE;
				GCC_WARN_UNUSED_FUNCTION = YES;
				GCC_WARN_UNUSED_VARIABLE = YES;
				IPHONEOS_DEPLOYMENT_TARGET = 16.2;
				MTL_ENABLE_DEBUG_INFO = INCLUDE_SOURCE;
				MTL_FAST_MATH = YES;
				ONLY_ACTIVE_ARCH = YES;
				SDKROOT = iphoneos;
				SWIFT_ACTIVE_COMPILATION_CONDITIONS = DEBUG;
				SWIFT_OPTIMIZATION_LEVEL = "-Onone";
			};
			name = Debug;
		};
		AEA160642A1AF0A1006E7FF5 /* Release */ = {
			isa = XCBuildConfiguration;
			buildSettings = {
				ALWAYS_SEARCH_USER_PATHS = NO;
				CLANG_ANALYZER_NONNULL = YES;
				CLANG_ANALYZER_NUMBER_OBJECT_CONVERSION = YES_AGGRESSIVE;
				CLANG_CXX_LANGUAGE_STANDARD = "gnu++20";
				CLANG_ENABLE_MODULES = YES;
				CLANG_ENABLE_OBJC_ARC = YES;
				CLANG_ENABLE_OBJC_WEAK = YES;
				CLANG_WARN_BLOCK_CAPTURE_AUTORELEASING = YES;
				CLANG_WARN_BOOL_CONVERSION = YES;
				CLANG_WARN_COMMA = YES;
				CLANG_WARN_CONSTANT_CONVERSION = YES;
				CLANG_WARN_DEPRECATED_OBJC_IMPLEMENTATIONS = YES;
				CLANG_WARN_DIRECT_OBJC_ISA_USAGE = YES_ERROR;
				CLANG_WARN_DOCUMENTATION_COMMENTS = YES;
				CLANG_WARN_EMPTY_BODY = YES;
				CLANG_WARN_ENUM_CONVERSION = YES;
				CLANG_WARN_INFINITE_RECURSION = YES;
				CLANG_WARN_INT_CONVERSION = YES;
				CLANG_WARN_NON_LITERAL_NULL_CONVERSION = YES;
				CLANG_WARN_OBJC_IMPLICIT_RETAIN_SELF = YES;
				CLANG_WARN_OBJC_LITERAL_CONVERSION = YES;
				CLANG_WARN_OBJC_ROOT_CLASS = YES_ERROR;
				CLANG_WARN_QUOTED_INCLUDE_IN_FRAMEWORK_HEADER = YES;
				CLANG_WARN_RANGE_LOOP_ANALYSIS = YES;
				CLANG_WARN_STRICT_PROTOTYPES = YES;
				CLANG_WARN_SUSPICIOUS_MOVE = YES;
				CLANG_WARN_UNGUARDED_AVAILABILITY = YES_AGGRESSIVE;
				CLANG_WARN_UNREACHABLE_CODE = YES;
				CLANG_WARN__DUPLICATE_METHOD_MATCH = YES;
				COPY_PHASE_STRIP = NO;
				DEBUG_INFORMATION_FORMAT = "dwarf-with-dsym";
				ENABLE_NS_ASSERTIONS = NO;
				ENABLE_STRICT_OBJC_MSGSEND = YES;
				GCC_C_LANGUAGE_STANDARD = gnu11;
				GCC_NO_COMMON_BLOCKS = YES;
				GCC_WARN_64_TO_32_BIT_CONVERSION = YES;
				GCC_WARN_ABOUT_RETURN_TYPE = YES_ERROR;
				GCC_WARN_UNDECLARED_SELECTOR = YES;
				GCC_WARN_UNINITIALIZED_AUTOS = YES_AGGRESSIVE;
				GCC_WARN_UNUSED_FUNCTION = YES;
				GCC_WARN_UNUSED_VARIABLE = YES;
				IPHONEOS_DEPLOYMENT_TARGET = 16.2;
				MTL_ENABLE_DEBUG_INFO = NO;
				MTL_FAST_MATH = YES;
				SDKROOT = iphoneos;
				SWIFT_COMPILATION_MODE = wholemodule;
				SWIFT_OPTIMIZATION_LEVEL = "-O";
				VALIDATE_PRODUCT = YES;
			};
			name = Release;
		};
		AEA160662A1AF0A1006E7FF5 /* Debug */ = {
			isa = XCBuildConfiguration;
			buildSettings = {
				ASSETCATALOG_COMPILER_APPICON_NAME = AppIcon;
				ASSETCATALOG_COMPILER_GLOBAL_ACCENT_COLOR_NAME = AccentColor;
				CODE_SIGN_STYLE = Automatic;
				CURRENT_PROJECT_VERSION = 1;
				GENERATE_INFOPLIST_FILE = YES;
				INFOPLIST_FILE = OpenMarket/Resource/Info.plist;
				INFOPLIST_KEY_UIApplicationSupportsIndirectInputEvents = YES;
				INFOPLIST_KEY_UILaunchStoryboardName = LaunchScreen;
				INFOPLIST_KEY_UISupportedInterfaceOrientations_iPad = "UIInterfaceOrientationPortrait UIInterfaceOrientationPortraitUpsideDown UIInterfaceOrientationLandscapeLeft UIInterfaceOrientationLandscapeRight";
				INFOPLIST_KEY_UISupportedInterfaceOrientations_iPhone = "UIInterfaceOrientationPortrait UIInterfaceOrientationLandscapeLeft UIInterfaceOrientationLandscapeRight";
				LD_RUNPATH_SEARCH_PATHS = (
					"$(inherited)",
					"@executable_path/Frameworks",
				);
				MARKETING_VERSION = 1.0;
				PRODUCT_BUNDLE_IDENTIFIER = kr.co.jsa.OpenMarket;
				PRODUCT_NAME = "$(TARGET_NAME)";
				SWIFT_EMIT_LOC_STRINGS = YES;
				SWIFT_VERSION = 5.0;
				TARGETED_DEVICE_FAMILY = "1,2";
			};
			name = Debug;
		};
		AEA160672A1AF0A1006E7FF5 /* Release */ = {
			isa = XCBuildConfiguration;
			buildSettings = {
				ASSETCATALOG_COMPILER_APPICON_NAME = AppIcon;
				ASSETCATALOG_COMPILER_GLOBAL_ACCENT_COLOR_NAME = AccentColor;
				CODE_SIGN_STYLE = Automatic;
				CURRENT_PROJECT_VERSION = 1;
				GENERATE_INFOPLIST_FILE = YES;
				INFOPLIST_FILE = OpenMarket/Resource/Info.plist;
				INFOPLIST_KEY_UIApplicationSupportsIndirectInputEvents = YES;
				INFOPLIST_KEY_UILaunchStoryboardName = LaunchScreen;
				INFOPLIST_KEY_UISupportedInterfaceOrientations_iPad = "UIInterfaceOrientationPortrait UIInterfaceOrientationPortraitUpsideDown UIInterfaceOrientationLandscapeLeft UIInterfaceOrientationLandscapeRight";
				INFOPLIST_KEY_UISupportedInterfaceOrientations_iPhone = "UIInterfaceOrientationPortrait UIInterfaceOrientationLandscapeLeft UIInterfaceOrientationLandscapeRight";
				LD_RUNPATH_SEARCH_PATHS = (
					"$(inherited)",
					"@executable_path/Frameworks",
				);
				MARKETING_VERSION = 1.0;
				PRODUCT_BUNDLE_IDENTIFIER = kr.co.jsa.OpenMarket;
				PRODUCT_NAME = "$(TARGET_NAME)";
				SWIFT_EMIT_LOC_STRINGS = YES;
				SWIFT_VERSION = 5.0;
				TARGETED_DEVICE_FAMILY = "1,2";
			};
			name = Release;
		};
/* End XCBuildConfiguration section */

/* Begin XCConfigurationList section */
		AEA160492A1AF0A0006E7FF5 /* Build configuration list for PBXProject "OpenMarket" */ = {
			isa = XCConfigurationList;
			buildConfigurations = (
				AEA160632A1AF0A1006E7FF5 /* Debug */,
				AEA160642A1AF0A1006E7FF5 /* Release */,
			);
			defaultConfigurationIsVisible = 0;
			defaultConfigurationName = Release;
		};
		AEA160652A1AF0A1006E7FF5 /* Build configuration list for PBXNativeTarget "OpenMarket" */ = {
			isa = XCConfigurationList;
			buildConfigurations = (
				AEA160662A1AF0A1006E7FF5 /* Debug */,
				AEA160672A1AF0A1006E7FF5 /* Release */,
			);
			defaultConfigurationIsVisible = 0;
			defaultConfigurationName = Release;
		};
/* End XCConfigurationList section */

/* Begin XCRemoteSwiftPackageReference section */
		AEA1606A2A1AFA17006E7FF5 /* XCRemoteSwiftPackageReference "RxSwift" */ = {
			isa = XCRemoteSwiftPackageReference;
			repositoryURL = "https://github.com/ReactiveX/RxSwift";
			requirement = {
				kind = upToNextMajorVersion;
				minimumVersion = 6.0.0;
			};
		};
		AEA1607F2A1AFA77006E7FF5 /* XCRemoteSwiftPackageReference "RxDataSources" */ = {
			isa = XCRemoteSwiftPackageReference;
			repositoryURL = "https://github.com/RxSwiftCommunity/RxDataSources";
			requirement = {
				kind = upToNextMajorVersion;
				minimumVersion = 5.0.0;
			};
		};
/* End XCRemoteSwiftPackageReference section */

/* Begin XCSwiftPackageProductDependency section */
		AEA1606B2A1AFA17006E7FF5 /* RxBlocking */ = {
			isa = XCSwiftPackageProductDependency;
			package = AEA1606A2A1AFA17006E7FF5 /* XCRemoteSwiftPackageReference "RxSwift" */;
			productName = RxBlocking;
		};
		AEA1606D2A1AFA17006E7FF5 /* RxBlocking-Dynamic */ = {
			isa = XCSwiftPackageProductDependency;
			package = AEA1606A2A1AFA17006E7FF5 /* XCRemoteSwiftPackageReference "RxSwift" */;
			productName = "RxBlocking-Dynamic";
		};
		AEA1606F2A1AFA17006E7FF5 /* RxCocoa */ = {
			isa = XCSwiftPackageProductDependency;
			package = AEA1606A2A1AFA17006E7FF5 /* XCRemoteSwiftPackageReference "RxSwift" */;
			productName = RxCocoa;
		};
		AEA160712A1AFA17006E7FF5 /* RxCocoa-Dynamic */ = {
			isa = XCSwiftPackageProductDependency;
			package = AEA1606A2A1AFA17006E7FF5 /* XCRemoteSwiftPackageReference "RxSwift" */;
			productName = "RxCocoa-Dynamic";
		};
		AEA160732A1AFA17006E7FF5 /* RxRelay */ = {
			isa = XCSwiftPackageProductDependency;
			package = AEA1606A2A1AFA17006E7FF5 /* XCRemoteSwiftPackageReference "RxSwift" */;
			productName = RxRelay;
		};
		AEA160752A1AFA17006E7FF5 /* RxRelay-Dynamic */ = {
			isa = XCSwiftPackageProductDependency;
			package = AEA1606A2A1AFA17006E7FF5 /* XCRemoteSwiftPackageReference "RxSwift" */;
			productName = "RxRelay-Dynamic";
		};
		AEA160772A1AFA17006E7FF5 /* RxSwift */ = {
			isa = XCSwiftPackageProductDependency;
			package = AEA1606A2A1AFA17006E7FF5 /* XCRemoteSwiftPackageReference "RxSwift" */;
			productName = RxSwift;
		};
		AEA160792A1AFA17006E7FF5 /* RxSwift-Dynamic */ = {
			isa = XCSwiftPackageProductDependency;
			package = AEA1606A2A1AFA17006E7FF5 /* XCRemoteSwiftPackageReference "RxSwift" */;
			productName = "RxSwift-Dynamic";
		};
		AEA1607B2A1AFA17006E7FF5 /* RxTest */ = {
			isa = XCSwiftPackageProductDependency;
			package = AEA1606A2A1AFA17006E7FF5 /* XCRemoteSwiftPackageReference "RxSwift" */;
			productName = RxTest;
		};
		AEA1607D2A1AFA17006E7FF5 /* RxTest-Dynamic */ = {
			isa = XCSwiftPackageProductDependency;
			package = AEA1606A2A1AFA17006E7FF5 /* XCRemoteSwiftPackageReference "RxSwift" */;
			productName = "RxTest-Dynamic";
		};
		AEA160802A1AFA77006E7FF5 /* Differentiator */ = {
			isa = XCSwiftPackageProductDependency;
			package = AEA1607F2A1AFA77006E7FF5 /* XCRemoteSwiftPackageReference "RxDataSources" */;
			productName = Differentiator;
		};
		AEA160822A1AFA77006E7FF5 /* RxDataSources */ = {
			isa = XCSwiftPackageProductDependency;
			package = AEA1607F2A1AFA77006E7FF5 /* XCRemoteSwiftPackageReference "RxDataSources" */;
			productName = RxDataSources;
		};
/* End XCSwiftPackageProductDependency section */

/* Begin XCVersionGroup section */
		AEA1605A2A1AF0A0006E7FF5 /* OpenMarket.xcdatamodeld */ = {
			isa = XCVersionGroup;
			children = (
				AEA1605B2A1AF0A0006E7FF5 /* OpenMarket.xcdatamodel */,
			);
			currentVersion = AEA1605B2A1AF0A0006E7FF5 /* OpenMarket.xcdatamodel */;
			path = OpenMarket.xcdatamodeld;
			sourceTree = "<group>";
			versionGroupType = wrapper.xcdatamodel;
		};
/* End XCVersionGroup section */
	};
	rootObject = AEA160462A1AF0A0006E7FF5 /* Project object */;
}
